# This file is automatically @generated by Cargo.
# It is not intended for manual editing.
version = 4

[[package]]
name = "broker"
version = "0.1.0"
dependencies = [
 "domain",
]

[[package]]
name = "collab"
version = "0.1.0"
dependencies = [
 "broker",
 "domain",
 "persistence",
]

[[package]]
name = "config"
version = "0.1.0"

[[package]]
name = "domain"
version = "0.1.0"

[[package]]
name = "gateway"
version = "0.1.0"
dependencies = [
 "broker",
 "domain",
]

[[package]]
name = "gateway-bin"
version = "0.1.0"

[[package]]
name = "metrics"
version = "0.1.0"
dependencies = [
 "domain",
]

[[package]]
name = "persistence"
version = "0.1.0"
dependencies = [
 "domain",
]
